// !$*UTF8*$!
{
	archiveVersion = 1;
	classes = {
	};
	objectVersion = 46;
	objects = {

/* Begin PBXBuildFile section */
		BC65C5C01F86FA7B00A458DB /* AppDelegate.swift in Sources */ = {isa = PBXBuildFile; fileRef = BC65C5BF1F86FA7B00A458DB /* AppDelegate.swift */; };
		BC65C5C21F86FA7B00A458DB /* ViewController.swift in Sources */ = {isa = PBXBuildFile; fileRef = BC65C5C11F86FA7B00A458DB /* ViewController.swift */; };
		BC65C5C51F86FA7B00A458DB /* Main.storyboard in Resources */ = {isa = PBXBuildFile; fileRef = BC65C5C31F86FA7B00A458DB /* Main.storyboard */; };
		BC65C5C71F86FA7B00A458DB /* Assets.xcassets in Resources */ = {isa = PBXBuildFile; fileRef = BC65C5C61F86FA7B00A458DB /* Assets.xcassets */; };
		BC65C5CA1F86FA7B00A458DB /* LaunchScreen.storyboard in Resources */ = {isa = PBXBuildFile; fileRef = BC65C5C81F86FA7B00A458DB /* LaunchScreen.storyboard */; };
		BC65C5D51F86FA7B00A458DB /* JiangAss1Tests.swift in Sources */ = {isa = PBXBuildFile; fileRef = BC65C5D41F86FA7B00A458DB /* JiangAss1Tests.swift */; };
		BC65C5E01F86FA7B00A458DB /* JiangAss1UITests.swift in Sources */ = {isa = PBXBuildFile; fileRef = BC65C5DF1F86FA7B00A458DB /* JiangAss1UITests.swift */; };
/* End PBXBuildFile section */

/* Begin PBXContainerItemProxy section */
		BC65C5D11F86FA7B00A458DB /* PBXContainerItemProxy */ = {
			isa = PBXContainerItemProxy;
			containerPortal = BC65C5B41F86FA7B00A458DB /* Project object */;
			proxyType = 1;
			remoteGlobalIDString = BC65C5BB1F86FA7B00A458DB;
			remoteInfo = JiangAss1;
		};
		BC65C5DC1F86FA7B00A458DB /* PBXContainerItemProxy */ = {
			isa = PBXContainerItemProxy;
			containerPortal = BC65C5B41F86FA7B00A458DB /* Project object */;
			proxyType = 1;
			remoteGlobalIDString = BC65C5BB1F86FA7B00A458DB;
			remoteInfo = JiangAss1;
		};
/* End PBXContainerItemProxy section */

/* Begin PBXFileReference section */
		BC65C5BC1F86FA7B00A458DB /* JiangAss1.app */ = {isa = PBXFileReference; explicitFileType = wrapper.application; includeInIndex = 0; path = JiangAss1.app; sourceTree = BUILT_PRODUCTS_DIR; };
		BC65C5BF1F86FA7B00A458DB /* AppDelegate.swift */ = {isa = PBXFileReference; lastKnownFileType = sourcecode.swift; path = AppDelegate.swift; sourceTree = "<group>"; };
		BC65C5C11F86FA7B00A458DB /* ViewController.swift */ = {isa = PBXFileReference; lastKnownFileType = sourcecode.swift; path = ViewController.swift; sourceTree = "<group>"; };
		BC65C5C41F86FA7B00A458DB /* Base */ = {isa = PBXFileReference; lastKnownFileType = file.storyboard; name = Base; path = Base.lproj/Main.storyboard; sourceTree = "<group>"; };
		BC65C5C61F86FA7B00A458DB /* Assets.xcassets */ = {isa = PBXFileReference; lastKnownFileType = folder.assetcatalog; path = Assets.xcassets; sourceTree = "<group>"; };
		BC65C5C91F86FA7B00A458DB /* Base */ = {isa = PBXFileReference; lastKnownFileType = file.storyboard; name = Base; path = Base.lproj/LaunchScreen.storyboard; sourceTree = "<group>"; };
		BC65C5CB1F86FA7B00A458DB /* Info.plist */ = {isa = PBXFileReference; lastKnownFileType = text.plist.xml; path = Info.plist; sourceTree = "<group>"; };
		BC65C5D01F86FA7B00A458DB /* JiangAss1Tests.xctest */ = {isa = PBXFileReference; explicitFileType = wrapper.cfbundle; includeInIndex = 0; path = JiangAss1Tests.xctest; sourceTree = BUILT_PRODUCTS_DIR; };
		BC65C5D41F86FA7B00A458DB /* JiangAss1Tests.swift */ = {isa = PBXFileReference; lastKnownFileType = sourcecode.swift; path = JiangAss1Tests.swift; sourceTree = "<group>"; };
		BC65C5D61F86FA7B00A458DB /* Info.plist */ = {isa = PBXFileReference; lastKnownFileType = text.plist.xml; path = Info.plist; sourceTree = "<group>"; };
		BC65C5DB1F86FA7B00A458DB /* JiangAss1UITests.xctest */ = {isa = PBXFileReference; explicitFileType = wrapper.cfbundle; includeInIndex = 0; path = JiangAss1UITests.xctest; sourceTree = BUILT_PRODUCTS_DIR; };
		BC65C5DF1F86FA7B00A458DB /* JiangAss1UITests.swift */ = {isa = PBXFileReference; lastKnownFileType = sourcecode.swift; path = JiangAss1UITests.swift; sourceTree = "<group>"; };
		BC65C5E11F86FA7B00A458DB /* Info.plist */ = {isa = PBXFileReference; lastKnownFileType = text.plist.xml; path = Info.plist; sourceTree = "<group>"; };
/* End PBXFileReference section */

/* Begin PBXFrameworksBuildPhase section */
		BC65C5B91F86FA7B00A458DB /* Frameworks */ = {
			isa = PBXFrameworksBuildPhase;
			buildActionMask = 2147483647;
			files = (
			);
			runOnlyForDeploymentPostprocessing = 0;
		};
		BC65C5CD1F86FA7B00A458DB /* Frameworks */ = {
			isa = PBXFrameworksBuildPhase;
			buildActionMask = 2147483647;
			files = (
			);
			runOnlyForDeploymentPostprocessing = 0;
		};
		BC65C5D81F86FA7B00A458DB /* Frameworks */ = {
			isa = PBXFrameworksBuildPhase;
			buildActionMask = 2147483647;
			files = (
			);
			runOnlyForDeploymentPostprocessing = 0;
		};
/* End PBXFrameworksBuildPhase section */

/* Begin PBXGroup section */
		BC65C5B31F86FA7B00A458DB = {
			isa = PBXGroup;
			children = (
				BC65C5BE1F86FA7B00A458DB /* JiangAss1 */,
				BC65C5D31F86FA7B00A458DB /* JiangAss1Tests */,
				BC65C5DE1F86FA7B00A458DB /* JiangAss1UITests */,
				BC65C5BD1F86FA7B00A458DB /* Products */,
			);
			sourceTree = "<group>";
		};
		BC65C5BD1F86FA7B00A458DB /* Products */ = {
			isa = PBXGroup;
			children = (
				BC65C5BC1F86FA7B00A458DB /* JiangAss1.app */,
				BC65C5D01F86FA7B00A458DB /* JiangAss1Tests.xctest */,
				BC65C5DB1F86FA7B00A458DB /* JiangAss1UITests.xctest */,
			);
			name = Products;
			sourceTree = "<group>";
		};
		BC65C5BE1F86FA7B00A458DB /* JiangAss1 */ = {
			isa = PBXGroup;
			children = (
				BC65C5BF1F86FA7B00A458DB /* AppDelegate.swift */,
				BC65C5C11F86FA7B00A458DB /* ViewController.swift */,
				BC65C5C31F86FA7B00A458DB /* Main.storyboard */,
				BC65C5C61F86FA7B00A458DB /* Assets.xcassets */,
				BC65C5C81F86FA7B00A458DB /* LaunchScreen.storyboard */,
				BC65C5CB1F86FA7B00A458DB /* Info.plist */,
			);
			path = JiangAss1;
			sourceTree = "<group>";
		};
		BC65C5D31F86FA7B00A458DB /* JiangAss1Tests */ = {
			isa = PBXGroup;
			children = (
				BC65C5D41F86FA7B00A458DB /* JiangAss1Tests.swift */,
				BC65C5D61F86FA7B00A458DB /* Info.plist */,
			);
			path = JiangAss1Tests;
			sourceTree = "<group>";
		};
		BC65C5DE1F86FA7B00A458DB /* JiangAss1UITests */ = {
			isa = PBXGroup;
			children = (
				BC65C5DF1F86FA7B00A458DB /* JiangAss1UITests.swift */,
				BC65C5E11F86FA7B00A458DB /* Info.plist */,
			);
			path = JiangAss1UITests;
			sourceTree = "<group>";
		};
/* End PBXGroup section */

/* Begin PBXNativeTarget section */
		BC65C5BB1F86FA7B00A458DB /* JiangAss1 */ = {
			isa = PBXNativeTarget;
			buildConfigurationList = BC65C5E41F86FA7B00A458DB /* Build configuration list for PBXNativeTarget "JiangAss1" */;
			buildPhases = (
				BC65C5B81F86FA7B00A458DB /* Sources */,
				BC65C5B91F86FA7B00A458DB /* Frameworks */,
				BC65C5BA1F86FA7B00A458DB /* Resources */,
			);
			buildRules = (
			);
			dependencies = (
			);
			name = JiangAss1;
			productName = JiangAss1;
			productReference = BC65C5BC1F86FA7B00A458DB /* JiangAss1.app */;
			productType = "com.apple.product-type.application";
		};
		BC65C5CF1F86FA7B00A458DB /* JiangAss1Tests */ = {
			isa = PBXNativeTarget;
			buildConfigurationList = BC65C5E71F86FA7B00A458DB /* Build configuration list for PBXNativeTarget "JiangAss1Tests" */;
			buildPhases = (
				BC65C5CC1F86FA7B00A458DB /* Sources */,
				BC65C5CD1F86FA7B00A458DB /* Frameworks */,
				BC65C5CE1F86FA7B00A458DB /* Resources */,
			);
			buildRules = (
			);
			dependencies = (
				BC65C5D21F86FA7B00A458DB /* PBXTargetDependency */,
			);
			name = JiangAss1Tests;
			productName = JiangAss1Tests;
			productReference = BC65C5D01F86FA7B00A458DB /* JiangAss1Tests.xctest */;
			productType = "com.apple.product-type.bundle.unit-test";
		};
		BC65C5DA1F86FA7B00A458DB /* JiangAss1UITests */ = {
			isa = PBXNativeTarget;
			buildConfigurationList = BC65C5EA1F86FA7B00A458DB /* Build configuration list for PBXNativeTarget "JiangAss1UITests" */;
			buildPhases = (
				BC65C5D71F86FA7B00A458DB /* Sources */,
				BC65C5D81F86FA7B00A458DB /* Frameworks */,
				BC65C5D91F86FA7B00A458DB /* Resources */,
			);
			buildRules = (
			);
			dependencies = (
				BC65C5DD1F86FA7B00A458DB /* PBXTargetDependency */,
			);
			name = JiangAss1UITests;
			productName = JiangAss1UITests;
			productReference = BC65C5DB1F86FA7B00A458DB /* JiangAss1UITests.xctest */;
			productType = "com.apple.product-type.bundle.ui-testing";
		};
/* End PBXNativeTarget section */

/* Begin PBXProject section */
		BC65C5B41F86FA7B00A458DB /* Project object */ = {
			isa = PBXProject;
			attributes = {
				LastSwiftUpdateCheck = 0830;
				LastUpgradeCheck = 0830;
				ORGANIZATIONNAME = macuser;
				TargetAttributes = {
					BC65C5BB1F86FA7B00A458DB = {
						CreatedOnToolsVersion = 8.3.2;
						ProvisioningStyle = Automatic;
					};
					BC65C5CF1F86FA7B00A458DB = {
						CreatedOnToolsVersion = 8.3.2;
						ProvisioningStyle = Automatic;
						TestTargetID = BC65C5BB1F86FA7B00A458DB;
					};
					BC65C5DA1F86FA7B00A458DB = {
						CreatedOnToolsVersion = 8.3.2;
						ProvisioningStyle = Automatic;
						TestTargetID = BC65C5BB1F86FA7B00A458DB;
					};
				};
			};
			buildConfigurationList = BC65C5B71F86FA7B00A458DB /* Build configuration list for PBXProject "JiangAss1" */;
			compatibilityVersion = "Xcode 3.2";
			developmentRegion = English;
			hasScannedForEncodings = 0;
			knownRegions = (
				en,
				Base,
			);
			mainGroup = BC65C5B31F86FA7B00A458DB;
			productRefGroup = BC65C5BD1F86FA7B00A458DB /* Products */;
			projectDirPath = "";
			projectRoot = "";
			targets = (
				BC65C5BB1F86FA7B00A458DB /* JiangAss1 */,
				BC65C5CF1F86FA7B00A458DB /* JiangAss1Tests */,
				BC65C5DA1F86FA7B00A458DB /* JiangAss1UITests */,
			);
		};
/* End PBXProject section */

/* Begin PBXResourcesBuildPhase section */
		BC65C5BA1F86FA7B00A458DB /* Resources */ = {
			isa = PBXResourcesBuildPhase;
			buildActionMask = 2147483647;
			files = (
				BC65C5CA1F86FA7B00A458DB /* LaunchScreen.storyboard in Resources */,
				BC65C5C71F86FA7B00A458DB /* Assets.xcassets in Resources */,
				BC65C5C51F86FA7B00A458DB /* Main.storyboard in Resources */,
			);
			runOnlyForDeploymentPostprocessing = 0;
		};
		BC65C5CE1F86FA7B00A458DB /* Resources */ = {
			isa = PBXResourcesBuildPhase;
			buildActionMask = 2147483647;
			files = (
			);
			runOnlyForDeploymentPostprocessing = 0;
		};
		BC65C5D91F86FA7B00A458DB /* Resources */ = {
			isa = PBXResourcesBuildPhase;
			buildActionMask = 2147483647;
			files = (
			);
			runOnlyForDeploymentPostprocessing = 0;
		};
/* End PBXResourcesBuildPhase section */

/* Begin PBXSourcesBuildPhase section */
		BC65C5B81F86FA7B00A458DB /* Sources */ = {
			isa = PBXSourcesBuildPhase;
			buildActionMask = 2147483647;
			files = (
				BC65C5C21F86FA7B00A458DB /* ViewController.swift in Sources */,
				BC65C5C01F86FA7B00A458DB /* AppDelegate.swift in Sources */,
			);
			runOnlyForDeploymentPostprocessing = 0;
		};
		BC65C5CC1F86FA7B00A458DB /* Sources */ = {
			isa = PBXSourcesBuildPhase;
			buildActionMask = 2147483647;
			files = (
				BC65C5D51F86FA7B00A458DB /* JiangAss1Tests.swift in Sources */,
			);
			runOnlyForDeploymentPostprocessing = 0;
		};
		BC65C5D71F86FA7B00A458DB /* Sources */ = {
			isa = PBXSourcesBuildPhase;
			buildActionMask = 2147483647;
			files = (
				BC65C5E01F86FA7B00A458DB /* JiangAss1UITests.swift in Sources */,
			);
			runOnlyForDeploymentPostprocessing = 0;
		};
/* End PBXSourcesBuildPhase section */

/* Begin PBXTargetDependency section */
		BC65C5D21F86FA7B00A458DB /* PBXTargetDependency */ = {
			isa = PBXTargetDependency;
			target = BC65C5BB1F86FA7B00A458DB /* JiangAss1 */;
			targetProxy = BC65C5D11F86FA7B00A458DB /* PBXContainerItemProxy */;
		};
		BC65C5DD1F86FA7B00A458DB /* PBXTargetDependency */ = {
			isa = PBXTargetDependency;
			target = BC65C5BB1F86FA7B00A458DB /* JiangAss1 */;
			targetProxy = BC65C5DC1F86FA7B00A458DB /* PBXContainerItemProxy */;
		};
/* End PBXTargetDependency section */

/* Begin PBXVariantGroup section */
		BC65C5C31F86FA7B00A458DB /* Main.storyboard */ = {
			isa = PBXVariantGroup;
			children = (
				BC65C5C41F86FA7B00A458DB /* Base */,
			);
			name = Main.storyboard;
			sourceTree = "<group>";
		};
		BC65C5C81F86FA7B00A458DB /* LaunchScreen.storyboard */ = {
			isa = PBXVariantGroup;
			children = (
				BC65C5C91F86FA7B00A458DB /* Base */,
			);
			name = LaunchScreen.storyboard;
			sourceTree = "<group>";
		};
/* End PBXVariantGroup section */

/* Begin XCBuildConfiguration section */
		BC65C5E21F86FA7B00A458DB /* Debug */ = {
			isa = XCBuildConfiguration;
			buildSettings = {
				ALWAYS_SEARCH_USER_PATHS = NO;
				CLANG_ANALYZER_NONNULL = YES;
				CLANG_ANALYZER_NUMBER_OBJECT_CONVERSION = YES_AGGRESSIVE;
				CLANG_CXX_LANGUAGE_STANDARD = "gnu++0x";
				CLANG_CXX_LIBRARY = "libc++";
				CLANG_ENABLE_MODULES = YES;
				CLANG_ENABLE_OBJC_ARC = YES;
				CLANG_WARN_BOOL_CONVERSION = YES;
				CLANG_WARN_CONSTANT_CONVERSION = YES;
				CLANG_WARN_DIRECT_OBJC_ISA_USAGE = YES_ERROR;
				CLANG_WARN_DOCUMENTATION_COMMENTS = YES;
				CLANG_WARN_EMPTY_BODY = YES;
				CLANG_WARN_ENUM_CONVERSION = YES;
				CLANG_WARN_INFINITE_RECURSION = YES;
				CLANG_WARN_INT_CONVERSION = YES;
				CLANG_WARN_OBJC_ROOT_CLASS = YES_ERROR;
				CLANG_WARN_SUSPICIOUS_MOVE = YES;
				CLANG_WARN_UNREACHABLE_CODE = YES;
				CLANG_WARN__DUPLICATE_METHOD_MATCH = YES;
				"CODE_SIGN_IDENTITY[sdk=iphoneos*]" = "iPhone Developer";
				COPY_PHASE_STRIP = NO;
				DEBUG_INFORMATION_FORMAT = dwarf;
				ENABLE_STRICT_OBJC_MSGSEND = YES;
				ENABLE_TESTABILITY = YES;
				GCC_C_LANGUAGE_STANDARD = gnu99;
				GCC_DYNAMIC_NO_PIC = NO;
				GCC_NO_COMMON_BLOCKS = YES;
				GCC_OPTIMIZATION_LEVEL = 0;
				GCC_PREPROCESSOR_DEFINITIONS = (
					"DEBUG=1",
					"$(inherited)",
				);
				GCC_WARN_64_TO_32_BIT_CONVERSION = YES;
				GCC_WARN_ABOUT_RETURN_TYPE = YES_ERROR;
				GCC_WARN_UNDECLARED_SELECTOR = YES;
				GCC_WARN_UNINITIALIZED_AUTOS = YES_AGGRESSIVE;
				GCC_WARN_UNUSED_FUNCTION = YES;
				GCC_WARN_UNUSED_VARIABLE = YES;
				IPHONEOS_DEPLOYMENT_TARGET = 10.3;
				MTL_ENABLE_DEBUG_INFO = YES;
				ONLY_ACTIVE_ARCH = YES;
				SDKROOT = iphoneos;
				SWIFT_ACTIVE_COMPILATION_CONDITIONS = DEBUG;
				SWIFT_OPTIMIZATION_LEVEL = "-Onone";
				TARGETED_DEVICE_FAMILY = "1,2";
			};
			name = Debug;
		};
		BC65C5E31F86FA7B00A458DB /* Release */ = {
			isa = XCBuildConfiguration;
			buildSettings = {
				ALWAYS_SEARCH_USER_PATHS = NO;
				CLANG_ANALYZER_NONNULL = YES;
				CLANG_ANALYZER_NUMBER_OBJECT_CONVERSION = YES_AGGRESSIVE;
				CLANG_CXX_LANGUAGE_STANDARD = "gnu++0x";
				CLANG_CXX_LIBRARY = "libc++";
				CLANG_ENABLE_MODULES = YES;
				CLANG_ENABLE_OBJC_ARC = YES;
				CLANG_WARN_BOOL_CONVERSION = YES;
				CLANG_WARN_CONSTANT_CONVERSION = YES;
				CLANG_WARN_DIRECT_OBJC_ISA_USAGE = YES_ERROR;
				CLANG_WARN_DOCUMENTATION_COMMENTS = YES;
				CLANG_WARN_EMPTY_BODY = YES;
				CLANG_WARN_ENUM_CONVERSION = YES;
				CLANG_WARN_INFINITE_RECURSION = YES;
				CLANG_WARN_INT_CONVERSION = YES;
				CLANG_WARN_OBJC_ROOT_CLASS = YES_ERROR;
				CLANG_WARN_SUSPICIOUS_MOVE = YES;
				CLANG_WARN_UNREACHABLE_CODE = YES;
				CLANG_WARN__DUPLICATE_METHOD_MATCH = YES;
				"CODE_SIGN_IDENTITY[sdk=iphoneos*]" = "iPhone Developer";
				COPY_PHASE_STRIP = NO;
				DEBUG_INFORMATION_FORMAT = "dwarf-with-dsym";
				ENABLE_NS_ASSERTIONS = NO;
				ENABLE_STRICT_OBJC_MSGSEND = YES;
				GCC_C_LANGUAGE_STANDARD = gnu99;
				GCC_NO_COMMON_BLOCKS = YES;
				GCC_WARN_64_TO_32_BIT_CONVERSION = YES;
				GCC_WARN_ABOUT_RETURN_TYPE = YES_ERROR;
				GCC_WARN_UNDECLARED_SELECTOR = YES;
				GCC_WARN_UNINITIALIZED_AUTOS = YES_AGGRESSIVE;
				GCC_WARN_UNUSED_FUNCTION = YES;
				GCC_WARN_UNUSED_VARIABLE = YES;
				IPHONEOS_DEPLOYMENT_TARGET = 10.3;
				MTL_ENABLE_DEBUG_INFO = NO;
				SDKROOT = iphoneos;
				SWIFT_OPTIMIZATION_LEVEL = "-Owholemodule";
				TARGETED_DEVICE_FAMILY = "1,2";
				VALIDATE_PRODUCT = YES;
			};
			name = Release;
		};
		BC65C5E51F86FA7B00A458DB /* Debug */ = {
			isa = XCBuildConfiguration;
			buildSettings = {
				ASSETCATALOG_COMPILER_APPICON_NAME = AppIcon;
				INFOPLIST_FILE = JiangAss1/Info.plist;
				LD_RUNPATH_SEARCH_PATHS = "$(inherited) @executable_path/Frameworks";
				PRODUCT_BUNDLE_IDENTIFIER = "-23.JiangAss1";
				PRODUCT_NAME = "$(TARGET_NAME)";
				SWIFT_VERSION = 3.0;
			};
			name = Debug;
		};
		BC65C5E61F86FA7B00A458DB /* Release */ = {
			isa = XCBuildConfiguration;
			buildSettings = {
				ASSETCATALOG_COMPILER_APPICON_NAME = AppIcon;
				INFOPLIST_FILE = JiangAss1/Info.plist;
				LD_RUNPATH_SEARCH_PATHS = "$(inherited) @executable_path/Frameworks";
				PRODUCT_BUNDLE_IDENTIFIER = "-23.JiangAss1";
				PRODUCT_NAME = "$(TARGET_NAME)";
				SWIFT_VERSION = 3.0;
			};
			name = Release;
		};
		BC65C5E81F86FA7B00A458DB /* Debug */ = {
			isa = XCBuildConfiguration;
			buildSettings = {
				ALWAYS_EMBED_SWIFT_STANDARD_LIBRARIES = YES;
				BUNDLE_LOADER = "$(TEST_HOST)";
				INFOPLIST_FILE = JiangAss1Tests/Info.plist;
				LD_RUNPATH_SEARCH_PATHS = "$(inherited) @executable_path/Frameworks @loader_path/Frameworks";
				PRODUCT_BUNDLE_IDENTIFIER = "-23.JiangAss1Tests";
				PRODUCT_NAME = "$(TARGET_NAME)";
				SWIFT_VERSION = 3.0;
				TEST_HOST = "$(BUILT_PRODUCTS_DIR)/JiangAss1.app/JiangAss1";
			};
			name = Debug;
		};
		BC65C5E91F86FA7B00A458DB /* Release */ = {
			isa = XCBuildConfiguration;
			buildSettings = {
				ALWAYS_EMBED_SWIFT_STANDARD_LIBRARIES = YES;
				BUNDLE_LOADER = "$(TEST_HOST)";
				INFOPLIST_FILE = JiangAss1Tests/Info.plist;
				LD_RUNPATH_SEARCH_PATHS = "$(inherited) @executable_path/Frameworks @loader_path/Frameworks";
				PRODUCT_BUNDLE_IDENTIFIER = "-23.JiangAss1Tests";
				PRODUCT_NAME = "$(TARGET_NAME)";
				SWIFT_VERSION = 3.0;
				TEST_HOST = "$(BUILT_PRODUCTS_DIR)/JiangAss1.app/JiangAss1";
			};
			name = Release;
		};
		BC65C5EB1F86FA7B00A458DB /* Debug */ = {
			isa = XCBuildConfiguration;
			buildSettings = {
				ALWAYS_EMBED_SWIFT_STANDARD_LIBRARIES = YES;
				INFOPLIST_FILE = JiangAss1UITests/Info.plist;
				LD_RUNPATH_SEARCH_PATHS = "$(inherited) @executable_path/Frameworks @loader_path/Frameworks";
				PRODUCT_BUNDLE_IDENTIFIER = "-23.JiangAss1UITests";
				PRODUCT_NAME = "$(TARGET_NAME)";
				SWIFT_VERSION = 3.0;
				TEST_TARGET_NAME = JiangAss1;
			};
			name = Debug;
		};
		BC65C5EC1F86FA7B00A458DB /* Release */ = {
			isa = XCBuildConfiguration;
			buildSettings = {
				ALWAYS_EMBED_SWIFT_STANDARD_LIBRARIES = YES;
				INFOPLIST_FILE = JiangAss1UITests/Info.plist;
				LD_RUNPATH_SEARCH_PATHS = "$(inherited) @executable_path/Frameworks @loader_path/Frameworks";
				PRODUCT_BUNDLE_IDENTIFIER = "-23.JiangAss1UITests";
				PRODUCT_NAME = "$(TARGET_NAME)";
				SWIFT_VERSION = 3.0;
				TEST_TARGET_NAME = JiangAss1;
			};
			name = Release;
		};
/* End XCBuildConfiguration section */

/* Begin XCConfigurationList section */
		BC65C5B71F86FA7B00A458DB /* Build configuration list for PBXProject "JiangAss1" */ = {
			isa = XCConfigurationList;
			buildConfigurations = (
				BC65C5E21F86FA7B00A458DB /* Debug */,
				BC65C5E31F86FA7B00A458DB /* Release */,
			);
			defaultConfigurationIsVisible = 0;
			defaultConfigurationName = Release;
		};
		BC65C5E41F86FA7B00A458DB /* Build configuration list for PBXNativeTarget "JiangAss1" */ = {
			isa = XCConfigurationList;
			buildConfigurations = (
				BC65C5E51F86FA7B00A458DB /* Debug */,
				BC65C5E61F86FA7B00A458DB /* Release */,
			);
			defaultConfigurationIsVisible = 0;
		};
		BC65C5E71F86FA7B00A458DB /* Build configuration list for PBXNativeTarget "JiangAss1Tests" */ = {
			isa = XCConfigurationList;
			buildConfigurations = (
				BC65C5E81F86FA7B00A458DB /* Debug */,
				BC65C5E91F86FA7B00A458DB /* Release */,
			);
			defaultConfigurationIsVisible = 0;
		};
		BC65C5EA1F86FA7B00A458DB /* Build configuration list for PBXNativeTarget "JiangAss1UITests" */ = {
			isa = XCConfigurationList;
			buildConfigurations = (
				BC65C5EB1F86FA7B00A458DB /* Debug */,
				BC65C5EC1F86FA7B00A458DB /* Release */,
			);
			defaultConfigurationIsVisible = 0;
		};
/* End XCConfigurationList section */
	};
	rootObject = BC65C5B41F86FA7B00A458DB /* Project object */;
}
